// !$*UTF8*$!
{
	archiveVersion = 1;
	classes = {
	};
	objectVersion = 46;
	objects = {

/* Begin PBXBuildFile section */
		545041F91EE9290D00501D75 /* MainViewController.swift in Sources */ = {isa = PBXBuildFile; fileRef = 545041F81EE9290D00501D75 /* MainViewController.swift */; };
		545041FB1EE9427300501D75 /* GoogleService-Info.plist in Resources */ = {isa = PBXBuildFile; fileRef = 545041FA1EE9427300501D75 /* GoogleService-Info.plist */; };
		548CACAD1EE7E18200F7DB67 /* AppDelegate.swift in Sources */ = {isa = PBXBuildFile; fileRef = 548CACAC1EE7E18200F7DB67 /* AppDelegate.swift */; };
		548CACB41EE7E18200F7DB67 /* Assets.xcassets in Resources */ = {isa = PBXBuildFile; fileRef = 548CACB31EE7E18200F7DB67 /* Assets.xcassets */; };
		548CACB71EE7E18200F7DB67 /* LaunchScreen.storyboard in Resources */ = {isa = PBXBuildFile; fileRef = 548CACB51EE7E18200F7DB67 /* LaunchScreen.storyboard */; };
		548CACBF1EE7E1CC00F7DB67 /* LogInViewController.swift in Sources */ = {isa = PBXBuildFile; fileRef = 548CACBE1EE7E1CC00F7DB67 /* LogInViewController.swift */; };
		E156165418ABFBABB86C33CF /* Pods_RoadChecKReport.framework in Frameworks */ = {isa = PBXBuildFile; fileRef = F8814FAC656F631D6AE000C2 /* Pods_RoadChecKReport.framework */; };
/* End PBXBuildFile section */

/* Begin PBXFileReference section */
		43EA058EC4022CC6AC44B2E9 /* Pods-RoadChecKReport.release.xcconfig */ = {isa = PBXFileReference; includeInIndex = 1; lastKnownFileType = text.xcconfig; name = "Pods-RoadChecKReport.release.xcconfig"; path = "Pods/Target Support Files/Pods-RoadChecKReport/Pods-RoadChecKReport.release.xcconfig"; sourceTree = "<group>"; };
		545041F11EE901DB00501D75 /* RoadChecKReport-Bridging-Header.h */ = {isa = PBXFileReference; lastKnownFileType = sourcecode.c.h; path = "RoadChecKReport-Bridging-Header.h"; sourceTree = "<group>"; };
		545041F81EE9290D00501D75 /* MainViewController.swift */ = {isa = PBXFileReference; fileEncoding = 4; lastKnownFileType = sourcecode.swift; path = MainViewController.swift; sourceTree = "<group>"; };
		545041FA1EE9427300501D75 /* GoogleService-Info.plist */ = {isa = PBXFileReference; fileEncoding = 4; lastKnownFileType = text.plist.xml; path = "GoogleService-Info.plist"; sourceTree = "<group>"; };
		548CACA91EE7E18200F7DB67 /* RoadChecKReport.app */ = {isa = PBXFileReference; explicitFileType = wrapper.application; includeInIndex = 0; path = RoadChecKReport.app; sourceTree = BUILT_PRODUCTS_DIR; };
		548CACAC1EE7E18200F7DB67 /* AppDelegate.swift */ = {isa = PBXFileReference; lastKnownFileType = sourcecode.swift; path = AppDelegate.swift; sourceTree = "<group>"; };
		548CACB31EE7E18200F7DB67 /* Assets.xcassets */ = {isa = PBXFileReference; lastKnownFileType = folder.assetcatalog; path = Assets.xcassets; sourceTree = "<group>"; };
		548CACB61EE7E18200F7DB67 /* Base */ = {isa = PBXFileReference; lastKnownFileType = file.storyboard; name = Base; path = Base.lproj/LaunchScreen.storyboard; sourceTree = "<group>"; };
		548CACB81EE7E18200F7DB67 /* Info.plist */ = {isa = PBXFileReference; lastKnownFileType = text.plist.xml; path = Info.plist; sourceTree = "<group>"; };
		548CACBE1EE7E1CC00F7DB67 /* LogInViewController.swift */ = {isa = PBXFileReference; fileEncoding = 4; lastKnownFileType = sourcecode.swift; path = LogInViewController.swift; sourceTree = "<group>"; };
		548CACC11EE800CD00F7DB67 /* zh-Hant-TW */ = {isa = PBXFileReference; lastKnownFileType = text.plist.strings; name = "zh-Hant-TW"; path = "zh-Hant-TW.lproj/LaunchScreen.strings"; sourceTree = "<group>"; };
		E78AD4294E638DB25764B253 /* Pods-RoadChecKReport.debug.xcconfig */ = {isa = PBXFileReference; includeInIndex = 1; lastKnownFileType = text.xcconfig; name = "Pods-RoadChecKReport.debug.xcconfig"; path = "Pods/Target Support Files/Pods-RoadChecKReport/Pods-RoadChecKReport.debug.xcconfig"; sourceTree = "<group>"; };
		F8814FAC656F631D6AE000C2 /* Pods_RoadChecKReport.framework */ = {isa = PBXFileReference; explicitFileType = wrapper.framework; includeInIndex = 0; path = Pods_RoadChecKReport.framework; sourceTree = BUILT_PRODUCTS_DIR; };
/* End PBXFileReference section */

/* Begin PBXFrameworksBuildPhase section */
		548CACA61EE7E18200F7DB67 /* Frameworks */ = {
			isa = PBXFrameworksBuildPhase;
			buildActionMask = 2147483647;
			files = (
				E156165418ABFBABB86C33CF /* Pods_RoadChecKReport.framework in Frameworks */,
			);
			runOnlyForDeploymentPostprocessing = 0;
		};
/* End PBXFrameworksBuildPhase section */

/* Begin PBXGroup section */
		548CACA01EE7E18200F7DB67 = {
			isa = PBXGroup;
			children = (
				548CACAB1EE7E18200F7DB67 /* RoadChecKReport */,
				548CACAA1EE7E18200F7DB67 /* Products */,
				DD6D2FCA969CEFDEA405B27A /* Pods */,
				6F1C6F06595042B90217E8A5 /* Frameworks */,
			);
			sourceTree = "<group>";
		};
		548CACAA1EE7E18200F7DB67 /* Products */ = {
			isa = PBXGroup;
			children = (
				548CACA91EE7E18200F7DB67 /* RoadChecKReport.app */,
			);
			name = Products;
			sourceTree = "<group>";
		};
		548CACAB1EE7E18200F7DB67 /* RoadChecKReport */ = {
			isa = PBXGroup;
			children = (
				548CACB51EE7E18200F7DB67 /* LaunchScreen.storyboard */,
				548CACAC1EE7E18200F7DB67 /* AppDelegate.swift */,
				54E6151B1EE94CD500139593 /* pList */,
				54E6151C1EE94CF900139593 /* VIew */,
				548CACB31EE7E18200F7DB67 /* Assets.xcassets */,
				545041F11EE901DB00501D75 /* RoadChecKReport-Bridging-Header.h */,
			);
			path = RoadChecKReport;
			sourceTree = "<group>";
		};
		54E6151B1EE94CD500139593 /* pList */ = {
			isa = PBXGroup;
			children = (
				548CACB81EE7E18200F7DB67 /* Info.plist */,
				545041FA1EE9427300501D75 /* GoogleService-Info.plist */,
			);
			name = pList;
			sourceTree = "<group>";
		};
		54E6151C1EE94CF900139593 /* VIew */ = {
			isa = PBXGroup;
			children = (
				548CACBE1EE7E1CC00F7DB67 /* LogInViewController.swift */,
				545041F81EE9290D00501D75 /* MainViewController.swift */,
			);
			name = VIew;
			sourceTree = "<group>";
		};
		6F1C6F06595042B90217E8A5 /* Frameworks */ = {
			isa = PBXGroup;
			children = (
				F8814FAC656F631D6AE000C2 /* Pods_RoadChecKReport.framework */,
			);
			name = Frameworks;
			sourceTree = "<group>";
		};
		DD6D2FCA969CEFDEA405B27A /* Pods */ = {
			isa = PBXGroup;
			children = (
				E78AD4294E638DB25764B253 /* Pods-RoadChecKReport.debug.xcconfig */,
				43EA058EC4022CC6AC44B2E9 /* Pods-RoadChecKReport.release.xcconfig */,
			);
			name = Pods;
			sourceTree = "<group>";
		};
/* End PBXGroup section */

/* Begin PBXNativeTarget section */
		548CACA81EE7E18200F7DB67 /* RoadChecKReport */ = {
			isa = PBXNativeTarget;
			buildConfigurationList = 548CACBB1EE7E18200F7DB67 /* Build configuration list for PBXNativeTarget "RoadChecKReport" */;
			buildPhases = (
				EAE68729EE7FF395C0D759AA /* [CP] Check Pods Manifest.lock */,
				548CACA51EE7E18200F7DB67 /* Sources */,
				548CACA61EE7E18200F7DB67 /* Frameworks */,
				548CACA71EE7E18200F7DB67 /* Resources */,
				E8B3462B70A844F212516CDD /* [CP] Embed Pods Frameworks */,
				3569CBE775ACF778ADF23FEF /* [CP] Copy Pods Resources */,
			);
			buildRules = (
			);
			dependencies = (
			);
			name = RoadChecKReport;
			productName = RoadChecKReport;
			productReference = 548CACA91EE7E18200F7DB67 /* RoadChecKReport.app */;
			productType = "com.apple.product-type.application";
		};
/* End PBXNativeTarget section */

/* Begin PBXProject section */
		548CACA11EE7E18200F7DB67 /* Project object */ = {
			isa = PBXProject;
			attributes = {
				LastSwiftUpdateCheck = 0830;
				LastUpgradeCheck = 0830;
				ORGANIZATIONNAME = "Chang sean";
				TargetAttributes = {
					548CACA81EE7E18200F7DB67 = {
						CreatedOnToolsVersion = 8.3.2;
						DevelopmentTeam = K87D69K4N4;
						LastSwiftMigration = 0830;
						ProvisioningStyle = Automatic;
					};
				};
			};
			buildConfigurationList = 548CACA41EE7E18200F7DB67 /* Build configuration list for PBXProject "RoadChecKReport" */;
			compatibilityVersion = "Xcode 3.2";
			developmentRegion = English;
			hasScannedForEncodings = 0;
			knownRegions = (
				en,
				Base,
			);
			mainGroup = 548CACA01EE7E18200F7DB67;
			productRefGroup = 548CACAA1EE7E18200F7DB67 /* Products */;
			projectDirPath = "";
			projectRoot = "";
			targets = (
				548CACA81EE7E18200F7DB67 /* RoadChecKReport */,
			);
		};
/* End PBXProject section */

/* Begin PBXResourcesBuildPhase section */
		548CACA71EE7E18200F7DB67 /* Resources */ = {
			isa = PBXResourcesBuildPhase;
			buildActionMask = 2147483647;
			files = (
				548CACB71EE7E18200F7DB67 /* LaunchScreen.storyboard in Resources */,
				548CACB41EE7E18200F7DB67 /* Assets.xcassets in Resources */,
				545041FB1EE9427300501D75 /* GoogleService-Info.plist in Resources */,
			);
			runOnlyForDeploymentPostprocessing = 0;
		};
/* End PBXResourcesBuildPhase section */

/* Begin PBXShellScriptBuildPhase section */
		3569CBE775ACF778ADF23FEF /* [CP] Copy Pods Resources */ = {
			isa = PBXShellScriptBuildPhase;
			buildActionMask = 2147483647;
			files = (
			);
			inputPaths = (
			);
			name = "[CP] Copy Pods Resources";
			outputPaths = (
			);
			runOnlyForDeploymentPostprocessing = 0;
			shellPath = /bin/sh;
			shellScript = "\"${SRCROOT}/Pods/Target Support Files/Pods-RoadChecKReport/Pods-RoadChecKReport-resources.sh\"\n";
			showEnvVarsInLog = 0;
		};
		E8B3462B70A844F212516CDD /* [CP] Embed Pods Frameworks */ = {
			isa = PBXShellScriptBuildPhase;
			buildActionMask = 2147483647;
			files = (
			);
			inputPaths = (
			);
			name = "[CP] Embed Pods Frameworks";
			outputPaths = (
			);
			runOnlyForDeploymentPostprocessing = 0;
			shellPath = /bin/sh;
			shellScript = "\"${SRCROOT}/Pods/Target Support Files/Pods-RoadChecKReport/Pods-RoadChecKReport-frameworks.sh\"\n";
			showEnvVarsInLog = 0;
		};
		EAE68729EE7FF395C0D759AA /* [CP] Check Pods Manifest.lock */ = {
			isa = PBXShellScriptBuildPhase;
			buildActionMask = 2147483647;
			files = (
			);
			inputPaths = (
			);
			name = "[CP] Check Pods Manifest.lock";
			outputPaths = (
			);
			runOnlyForDeploymentPostprocessing = 0;
			shellPath = /bin/sh;
			shellScript = "diff \"${PODS_ROOT}/../Podfile.lock\" \"${PODS_ROOT}/Manifest.lock\" > /dev/null\nif [[ $? != 0 ]] ; then\n    cat << EOM\nerror: The sandbox is not in sync with the Podfile.lock. Run 'pod install' or update your CocoaPods installation.\nEOM\n    exit 1\nfi\n";
			showEnvVarsInLog = 0;
		};
/* End PBXShellScriptBuildPhase section */

/* Begin PBXSourcesBuildPhase section */
		548CACA51EE7E18200F7DB67 /* Sources */ = {
			isa = PBXSourcesBuildPhase;
			buildActionMask = 2147483647;
			files = (
				545041F91EE9290D00501D75 /* MainViewController.swift in Sources */,
				548CACBF1EE7E1CC00F7DB67 /* LogInViewController.swift in Sources */,
				548CACAD1EE7E18200F7DB67 /* AppDelegate.swift in Sources */,
			);
			runOnlyForDeploymentPostprocessing = 0;
		};
/* End PBXSourcesBuildPhase section */

/* Begin PBXVariantGroup section */
		548CACB51EE7E18200F7DB67 /* LaunchScreen.storyboard */ = {
			isa = PBXVariantGroup;
			children = (
				548CACB61EE7E18200F7DB67 /* Base */,
				548CACC11EE800CD00F7DB67 /* zh-Hant-TW */,
			);
			name = LaunchScreen.storyboard;
			sourceTree = "<group>";
		};
/* End PBXVariantGroup section */

/* Begin XCBuildConfiguration section */
		548CACB91EE7E18200F7DB67 /* Debug */ = {
			isa = XCBuildConfiguration;
			buildSettings = {
				ALWAYS_SEARCH_USER_PATHS = NO;
				CLANG_ANALYZER_LOCALIZABILITY_NONLOCALIZED = YES;
				CLANG_ANALYZER_NONNULL = YES;
				CLANG_ANALYZER_NUMBER_OBJECT_CONVERSION = YES_AGGRESSIVE;
				CLANG_CXX_LANGUAGE_STANDARD = "gnu++0x";
				CLANG_CXX_LIBRARY = "libc++";
				CLANG_ENABLE_MODULES = YES;
				CLANG_ENABLE_OBJC_ARC = YES;
				CLANG_WARN_BOOL_CONVERSION = YES;
				CLANG_WARN_CONSTANT_CONVERSION = YES;
				CLANG_WARN_DIRECT_OBJC_ISA_USAGE = YES_ERROR;
				CLANG_WARN_DOCUMENTATION_COMMENTS = YES;
				CLANG_WARN_EMPTY_BODY = YES;
				CLANG_WARN_ENUM_CONVERSION = YES;
				CLANG_WARN_INFINITE_RECURSION = YES;
				CLANG_WARN_INT_CONVERSION = YES;
				CLANG_WARN_OBJC_ROOT_CLASS = YES_ERROR;
				CLANG_WARN_SUSPICIOUS_MOVE = YES;
				CLANG_WARN_UNREACHABLE_CODE = YES;
				CLANG_WARN__DUPLICATE_METHOD_MATCH = YES;
				"CODE_SIGN_IDENTITY[sdk=iphoneos*]" = "iPhone Developer";
				COPY_PHASE_STRIP = NO;
				DEBUG_INFORMATION_FORMAT = dwarf;
				ENABLE_STRICT_OBJC_MSGSEND = YES;
				ENABLE_TESTABILITY = YES;
				GCC_C_LANGUAGE_STANDARD = gnu99;
				GCC_DYNAMIC_NO_PIC = NO;
				GCC_NO_COMMON_BLOCKS = YES;
				GCC_OPTIMIZATION_LEVEL = 0;
				GCC_PREPROCESSOR_DEFINITIONS = (
					"DEBUG=1",
					"$(inherited)",
				);
				GCC_WARN_64_TO_32_BIT_CONVERSION = YES;
				GCC_WARN_ABOUT_RETURN_TYPE = YES_ERROR;
				GCC_WARN_UNDECLARED_SELECTOR = YES;
				GCC_WARN_UNINITIALIZED_AUTOS = YES_AGGRESSIVE;
				GCC_WARN_UNUSED_FUNCTION = YES;
				GCC_WARN_UNUSED_VARIABLE = YES;
				IPHONEOS_DEPLOYMENT_TARGET = 9.0;
				MTL_ENABLE_DEBUG_INFO = YES;
				ONLY_ACTIVE_ARCH = YES;
				SDKROOT = iphoneos;
				SWIFT_ACTIVE_COMPILATION_CONDITIONS = DEBUG;
				SWIFT_OPTIMIZATION_LEVEL = "-Onone";
			};
			name = Debug;
		};
		548CACBA1EE7E18200F7DB67 /* Release */ = {
			isa = XCBuildConfiguration;
			buildSettings = {
				ALWAYS_SEARCH_USER_PATHS = NO;
				CLANG_ANALYZER_LOCALIZABILITY_NONLOCALIZED = YES;
				CLANG_ANALYZER_NONNULL = YES;
				CLANG_ANALYZER_NUMBER_OBJECT_CONVERSION = YES_AGGRESSIVE;
				CLANG_CXX_LANGUAGE_STANDARD = "gnu++0x";
				CLANG_CXX_LIBRARY = "libc++";
				CLANG_ENABLE_MODULES = YES;
				CLANG_ENABLE_OBJC_ARC = YES;
				CLANG_WARN_BOOL_CONVERSION = YES;
				CLANG_WARN_CONSTANT_CONVERSION = YES;
				CLANG_WARN_DIRECT_OBJC_ISA_USAGE = YES_ERROR;
				CLANG_WARN_DOCUMENTATION_COMMENTS = YES;
				CLANG_WARN_EMPTY_BODY = YES;
				CLANG_WARN_ENUM_CONVERSION = YES;
				CLANG_WARN_INFINITE_RECURSION = YES;
				CLANG_WARN_INT_CONVERSION = YES;
				CLANG_WARN_OBJC_ROOT_CLASS = YES_ERROR;
				CLANG_WARN_SUSPICIOUS_MOVE = YES;
				CLANG_WARN_UNREACHABLE_CODE = YES;
				CLANG_WARN__DUPLICATE_METHOD_MATCH = YES;
				"CODE_SIGN_IDENTITY[sdk=iphoneos*]" = "iPhone Developer";
				COPY_PHASE_STRIP = NO;
				DEBUG_INFORMATION_FORMAT = "dwarf-with-dsym";
				ENABLE_NS_ASSERTIONS = NO;
				ENABLE_STRICT_OBJC_MSGSEND = YES;
				GCC_C_LANGUAGE_STANDARD = gnu99;
				GCC_NO_COMMON_BLOCKS = YES;
				GCC_WARN_64_TO_32_BIT_CONVERSION = YES;
				GCC_WARN_ABOUT_RETURN_TYPE = YES_ERROR;
				GCC_WARN_UNDECLARED_SELECTOR = YES;
				GCC_WARN_UNINITIALIZED_AUTOS = YES_AGGRESSIVE;
				GCC_WARN_UNUSED_FUNCTION = YES;
				GCC_WARN_UNUSED_VARIABLE = YES;
				IPHONEOS_DEPLOYMENT_TARGET = 9.0;
				MTL_ENABLE_DEBUG_INFO = NO;
				SDKROOT = iphoneos;
				SWIFT_OPTIMIZATION_LEVEL = "-Owholemodule";
				VALIDATE_PRODUCT = YES;
			};
			name = Release;
		};
		548CACBC1EE7E18200F7DB67 /* Debug */ = {
			isa = XCBuildConfiguration;
			baseConfigurationReference = E78AD4294E638DB25764B253 /* Pods-RoadChecKReport.debug.xcconfig */;
			buildSettings = {
				ASSETCATALOG_COMPILER_APPICON_NAME = AppIcon;
				CLANG_ENABLE_MODULES = YES;
				DEVELOPMENT_TEAM = K87D69K4N4;
				INFOPLIST_FILE = RoadChecKReport/Info.plist;
				IPHONEOS_DEPLOYMENT_TARGET = 9.0;
				LD_RUNPATH_SEARCH_PATHS = "$(inherited) @executable_path/Frameworks";
				PRODUCT_BUNDLE_IDENTIFIER = com.sean.RoadChecKReport;
				PRODUCT_NAME = "$(TARGET_NAME)";
				SWIFT_OBJC_BRIDGING_HEADER = "RoadChecKReport/RoadChecKReport-Bridging-Header.h";
				SWIFT_OPTIMIZATION_LEVEL = "-Onone";
				SWIFT_VERSION = 3.0;
			};
			name = Debug;
		};
		548CACBD1EE7E18200F7DB67 /* Release */ = {
			isa = XCBuildConfiguration;
			baseConfigurationReference = 43EA058EC4022CC6AC44B2E9 /* Pods-RoadChecKReport.release.xcconfig */;
			buildSettings = {
				ASSETCATALOG_COMPILER_APPICON_NAME = AppIcon;
				CLANG_ENABLE_MODULES = YES;
				DEVELOPMENT_TEAM = K87D69K4N4;
				INFOPLIST_FILE = RoadChecKReport/Info.plist;
				IPHONEOS_DEPLOYMENT_TARGET = 9.0;
				LD_RUNPATH_SEARCH_PATHS = "$(inherited) @executable_path/Frameworks";
				PRODUCT_BUNDLE_IDENTIFIER = com.sean.RoadChecKReport;
				PRODUCT_NAME = "$(TARGET_NAME)";
				SWIFT_OBJC_BRIDGING_HEADER = "RoadChecKReport/RoadChecKReport-Bridging-Header.h";
				SWIFT_VERSION = 3.0;
			};
			name = Release;
		};
/* End XCBuildConfiguration section */

/* Begin XCConfigurationList section */
		548CACA41EE7E18200F7DB67 /* Build configuration list for PBXProject "RoadChecKReport" */ = {
			isa = XCConfigurationList;
			buildConfigurations = (
				548CACB91EE7E18200F7DB67 /* Debug */,
				548CACBA1EE7E18200F7DB67 /* Release */,
			);
			defaultConfigurationIsVisible = 0;
			defaultConfigurationName = Release;
		};
		548CACBB1EE7E18200F7DB67 /* Build configuration list for PBXNativeTarget "RoadChecKReport" */ = {
			isa = XCConfigurationList;
			buildConfigurations = (
				548CACBC1EE7E18200F7DB67 /* Debug */,
				548CACBD1EE7E18200F7DB67 /* Release */,
			);
			defaultConfigurationIsVisible = 0;
			defaultConfigurationName = Release;
		};
/* End XCConfigurationList section */
	};
	rootObject = 548CACA11EE7E18200F7DB67 /* Project object */;
}
